
Microsoft Visual Studio Solution File, Format Version 12.00
# Visual Studio Version 17
VisualStudioVersion = 17.7.34221.43
MinimumVisualStudioVersion = 10.0.40219.1
Project("{9A19103F-16F7-4668-BE54-9A1E7A4F7556}") = "DataAccess", "DataAccess\DataAccess.csproj", "{C0D583F0-7E77-4AD7-83C9-B5827031F0D9}"
EndProject
Project("{9A19103F-16F7-4668-BE54-9A1E7A4F7556}") = "Business", "Business\Business.csproj", "{8DF8D32C-DE40-428E-B711-40EE3930D617}"
EndProject
Project("{9A19103F-16F7-4668-BE54-9A1E7A4F7556}") = "Entities", "Entities\Entities.csproj", "{A3539E7B-6BF6-417E-ABD9-0F8368B04F1C}"
EndProject
Project("{9A19103F-16F7-4668-BE54-9A1E7A4F7556}") = "ConsoleUI", "ConsoleUI\ConsoleUI.csproj", "{0B1C4E44-EEA7-402F-A11A-36D84DAB71C3}"
EndProject
Project("{FAE04EC0-301F-11D3-BF4B-00C04F79EFBC}") = "Core", "Core\Core.csproj", "{93EF09C3-32A7-4DFA-BC16-EED01E319A3C}"
EndProject
Global
	GlobalSection(SolutionConfigurationPlatforms) = preSolution
		Debug|Any CPU = Debug|Any CPU
		Release|Any CPU = Release|Any CPU
	EndGlobalSection
	GlobalSection(ProjectConfigurationPlatforms) = postSolution
		{C0D583F0-7E77-4AD7-83C9-B5827031F0D9}.Debug|Any CPU.ActiveCfg = Debug|Any CPU
		{C0D583F0-7E77-4AD7-83C9-B5827031F0D9}.Debug|Any CPU.Build.0 = Debug|Any CPU
		{C0D583F0-7E77-4AD7-83C9-B5827031F0D9}.Release|Any CPU.ActiveCfg = Release|Any CPU
		{C0D583F0-7E77-4AD7-83C9-B5827031F0D9}.Release|Any CPU.Build.0 = Release|Any CPU
		{8DF8D32C-DE40-428E-B711-40EE3930D617}.Debug|Any CPU.ActiveCfg = Debug|Any CPU
		{8DF8D32C-DE40-428E-B711-40EE3930D617}.Debug|Any CPU.Build.0 = Debug|Any CPU
		{8DF8D32C-DE40-428E-B711-40EE3930D617}.Release|Any CPU.ActiveCfg = Release|Any CPU
		{8DF8D32C-DE40-428E-B711-40EE3930D617}.Release|Any CPU.Build.0 = Release|Any CPU
		{A3539E7B-6BF6-417E-ABD9-0F8368B04F1C}.Debug|Any CPU.ActiveCfg = Debug|Any CPU
		{A3539E7B-6BF6-417E-ABD9-0F8368B04F1C}.Debug|Any CPU.Build.0 = Debug|Any CPU
		{A3539E7B-6BF6-417E-ABD9-0F8368B04F1C}.Release|Any CPU.ActiveCfg = Release|Any CPU
		{A3539E7B-6BF6-417E-ABD9-0F8368B04F1C}.Release|Any CPU.Build.0 = Release|Any CPU
		{0B1C4E44-EEA7-402F-A11A-36D84DAB71C3}.Debug|Any CPU.ActiveCfg = Debug|Any CPU
		{0B1C4E44-EEA7-402F-A11A-36D84DAB71C3}.Debug|Any CPU.Build.0 = Debug|Any CPU
		{0B1C4E44-EEA7-402F-A11A-36D84DAB71C3}.Release|Any CPU.ActiveCfg = Release|Any CPU
		{0B1C4E44-EEA7-402F-A11A-36D84DAB71C3}.Release|Any CPU.Build.0 = Release|Any CPU
		{93EF09C3-32A7-4DFA-BC16-EED01E319A3C}.Debug|Any CPU.ActiveCfg = Debug|Any CPU
		{93EF09C3-32A7-4DFA-BC16-EED01E319A3C}.Debug|Any CPU.Build.0 = Debug|Any CPU
		{93EF09C3-32A7-4DFA-BC16-EED01E319A3C}.Release|Any CPU.ActiveCfg = Release|Any CPU
		{93EF09C3-32A7-4DFA-BC16-EED01E319A3C}.Release|Any CPU.Build.0 = Release|Any CPU
	EndGlobalSection
	GlobalSection(SolutionProperties) = preSolution
		HideSolutionNode = FALSE
	EndGlobalSection
	GlobalSection(ExtensibilityGlobals) = postSolution
		SolutionGuid = {64CE115A-0CC4-4D7F-9194-7280E6FD1A31}
	EndGlobalSection
EndGlobal
